
Microsoft Visual Studio Solution File, Format Version 12.00
# Visual Studio Version 17
VisualStudioVersion = 17.8.34511.84
MinimumVisualStudioVersion = 10.0.40219.1
Project("{FAE04EC0-301F-11D3-BF4B-00C04F79EFBC}") = "MateriaaliVarasto", "MateriaaliVarasto.csproj", "{1E761B16-3CD5-4AF9-A7EA-A3D14EBC2F20}"
EndProject
Global
	GlobalSection(SolutionConfigurationPlatforms) = preSolution
		Debug|Any CPU = Debug|Any CPU
		Release|Any CPU = Release|Any CPU
	EndGlobalSection
	GlobalSection(ProjectConfigurationPlatforms) = postSolution
		{1E761B16-3CD5-4AF9-A7EA-A3D14EBC2F20}.Debug|Any CPU.ActiveCfg = Debug|Any CPU
		{1E761B16-3CD5-4AF9-A7EA-A3D14EBC2F20}.Debug|Any CPU.Build.0 = Debug|Any CPU
		{1E761B16-3CD5-4AF9-A7EA-A3D14EBC2F20}.Release|Any CPU.ActiveCfg = Release|Any CPU
		{1E761B16-3CD5-4AF9-A7EA-A3D14EBC2F20}.Release|Any CPU.Build.0 = Release|Any CPU
	EndGlobalSection
	GlobalSection(SolutionProperties) = preSolution
		HideSolutionNode = FALSE
	EndGlobalSection
	GlobalSection(ExtensibilityGlobals) = postSolution
		SolutionGuid = {765DD74D-E5CE-4548-9697-BCD04F414BE1}
	EndGlobalSection
EndGlobal
